
Microsoft Visual Studio Solution File, Format Version 12.00
# Visual Studio Version 17
VisualStudioVersion = 17.4.33213.308
MinimumVisualStudioVersion = 10.0.40219.1
Project("{FAE04EC0-301F-11D3-BF4B-00C04F79EFBC}") = "DapperExample", "DapperExample\DapperExample.csproj", "{9FB3BE06-9F9B-44AE-A961-9D90B71BBFB3}"
EndProject
Global
	GlobalSection(SolutionConfigurationPlatforms) = preSolution
		Debug|Any CPU = Debug|Any CPU
		Release|Any CPU = Release|Any CPU
	EndGlobalSection
	GlobalSection(ProjectConfigurationPlatforms) = postSolution
		{9FB3BE06-9F9B-44AE-A961-9D90B71BBFB3}.Debug|Any CPU.ActiveCfg = Debug|Any CPU
		{9FB3BE06-9F9B-44AE-A961-9D90B71BBFB3}.Debug|Any CPU.Build.0 = Debug|Any CPU
		{9FB3BE06-9F9B-44AE-A961-9D90B71BBFB3}.Release|Any CPU.ActiveCfg = Release|Any CPU
		{9FB3BE06-9F9B-44AE-A961-9D90B71BBFB3}.Release|Any CPU.Build.0 = Release|Any CPU
	EndGlobalSection
	GlobalSection(SolutionProperties) = preSolution
		HideSolutionNode = FALSE
	EndGlobalSection
	GlobalSection(ExtensibilityGlobals) = postSolution
		SolutionGuid = {A63CA94D-3625-45B9-9B7E-938106032A4D}
	EndGlobalSection
EndGlobal
